
Microsoft Visual Studio Solution File, Format Version 12.00
# Visual Studio 14
VisualStudioVersion = 14.0.23107.0
MinimumVisualStudioVersion = 10.0.40219.1
Project("{FAE04EC0-301F-11D3-BF4B-00C04F79EFBC}") = "SingletonPro", "SingletonPro\SingletonPro.csproj", "{89D629EE-80E4-4E74-A543-3B032E8CFD5B}"
EndProject
Global
	GlobalSection(SolutionConfigurationPlatforms) = preSolution
		Debug|Any CPU = Debug|Any CPU
		Release|Any CPU = Release|Any CPU
	EndGlobalSection
	GlobalSection(ProjectConfigurationPlatforms) = postSolution
		{89D629EE-80E4-4E74-A543-3B032E8CFD5B}.Debug|Any CPU.ActiveCfg = Debug|Any CPU
		{89D629EE-80E4-4E74-A543-3B032E8CFD5B}.Debug|Any CPU.Build.0 = Debug|Any CPU
		{89D629EE-80E4-4E74-A543-3B032E8CFD5B}.Release|Any CPU.ActiveCfg = Release|Any CPU
		{89D629EE-80E4-4E74-A543-3B032E8CFD5B}.Release|Any CPU.Build.0 = Release|Any CPU
	EndGlobalSection
	GlobalSection(SolutionProperties) = preSolution
		HideSolutionNode = FALSE
	EndGlobalSection
EndGlobal
